
Microsoft Visual Studio Solution File, Format Version 12.00
# Visual Studio 15
VisualStudioVersion = 15.0.26403.7
MinimumVisualStudioVersion = 10.0.40219.1
Project("{FAE04EC0-301F-11D3-BF4B-00C04F79EFBC}") = "DTO", "DTO\DTO.csproj", "{AD0E190F-93AE-4FEB-9545-2D3314755B44}"
EndProject
Project("{FAE04EC0-301F-11D3-BF4B-00C04F79EFBC}") = "Domain", "Domain\Domain.csproj", "{A3F8A787-C5AD-48AF-BBB7-2BCE860BD3B0}"
EndProject
Project("{FAE04EC0-301F-11D3-BF4B-00C04F79EFBC}") = "Services", "Services\Services.csproj", "{A15BE902-BA6D-4862-B7EC-70C9C418E650}"
EndProject
Project("{FAE04EC0-301F-11D3-BF4B-00C04F79EFBC}") = "RequestModels", "RequestModels\RequestModels.csproj", "{74AE1CDF-1E58-4076-A498-CBFFCBE0EC02}"
EndProject
Project("{FAE04EC0-301F-11D3-BF4B-00C04F79EFBC}") = "Api", "Api\Api.csproj", "{4A9B0B3B-0DFC-46C6-9D0C-29D2B2864DCC}"
EndProject
Global
	GlobalSection(SolutionConfigurationPlatforms) = preSolution
		Debug|Any CPU = Debug|Any CPU
		Release|Any CPU = Release|Any CPU
	EndGlobalSection
	GlobalSection(ProjectConfigurationPlatforms) = postSolution
		{AD0E190F-93AE-4FEB-9545-2D3314755B44}.Debug|Any CPU.ActiveCfg = Debug|Any CPU
		{AD0E190F-93AE-4FEB-9545-2D3314755B44}.Debug|Any CPU.Build.0 = Debug|Any CPU
		{AD0E190F-93AE-4FEB-9545-2D3314755B44}.Release|Any CPU.ActiveCfg = Release|Any CPU
		{AD0E190F-93AE-4FEB-9545-2D3314755B44}.Release|Any CPU.Build.0 = Release|Any CPU
		{A3F8A787-C5AD-48AF-BBB7-2BCE860BD3B0}.Debug|Any CPU.ActiveCfg = Debug|Any CPU
		{A3F8A787-C5AD-48AF-BBB7-2BCE860BD3B0}.Debug|Any CPU.Build.0 = Debug|Any CPU
		{A3F8A787-C5AD-48AF-BBB7-2BCE860BD3B0}.Release|Any CPU.ActiveCfg = Release|Any CPU
		{A3F8A787-C5AD-48AF-BBB7-2BCE860BD3B0}.Release|Any CPU.Build.0 = Release|Any CPU
		{A15BE902-BA6D-4862-B7EC-70C9C418E650}.Debug|Any CPU.ActiveCfg = Debug|Any CPU
		{A15BE902-BA6D-4862-B7EC-70C9C418E650}.Debug|Any CPU.Build.0 = Debug|Any CPU
		{A15BE902-BA6D-4862-B7EC-70C9C418E650}.Release|Any CPU.ActiveCfg = Release|Any CPU
		{A15BE902-BA6D-4862-B7EC-70C9C418E650}.Release|Any CPU.Build.0 = Release|Any CPU
		{74AE1CDF-1E58-4076-A498-CBFFCBE0EC02}.Debug|Any CPU.ActiveCfg = Debug|Any CPU
		{74AE1CDF-1E58-4076-A498-CBFFCBE0EC02}.Debug|Any CPU.Build.0 = Debug|Any CPU
		{74AE1CDF-1E58-4076-A498-CBFFCBE0EC02}.Release|Any CPU.ActiveCfg = Release|Any CPU
		{74AE1CDF-1E58-4076-A498-CBFFCBE0EC02}.Release|Any CPU.Build.0 = Release|Any CPU
		{4A9B0B3B-0DFC-46C6-9D0C-29D2B2864DCC}.Debug|Any CPU.ActiveCfg = Debug|Any CPU
		{4A9B0B3B-0DFC-46C6-9D0C-29D2B2864DCC}.Debug|Any CPU.Build.0 = Debug|Any CPU
		{4A9B0B3B-0DFC-46C6-9D0C-29D2B2864DCC}.Release|Any CPU.ActiveCfg = Release|Any CPU
		{4A9B0B3B-0DFC-46C6-9D0C-29D2B2864DCC}.Release|Any CPU.Build.0 = Release|Any CPU
	EndGlobalSection
	GlobalSection(SolutionProperties) = preSolution
		HideSolutionNode = FALSE
	EndGlobalSection
EndGlobal
